
Microsoft Visual Studio Solution File, Format Version 12.00
# Visual Studio Version 17
VisualStudioVersion = 17.4.33213.308
MinimumVisualStudioVersion = 10.0.40219.1
Project("{FAE04EC0-301F-11D3-BF4B-00C04F79EFBC}") = "AM PME ASP API", "AM PME ASP API\AM PME ASP API.csproj", "{2F9DD54E-B09D-42EC-B92E-B258081ED0D2}"
EndProject
Global
	GlobalSection(SolutionConfigurationPlatforms) = preSolution
		Debug|Any CPU = Debug|Any CPU
		Release|Any CPU = Release|Any CPU
	EndGlobalSection
	GlobalSection(ProjectConfigurationPlatforms) = postSolution
		{2F9DD54E-B09D-42EC-B92E-B258081ED0D2}.Debug|Any CPU.ActiveCfg = Debug|Any CPU
		{2F9DD54E-B09D-42EC-B92E-B258081ED0D2}.Debug|Any CPU.Build.0 = Debug|Any CPU
		{2F9DD54E-B09D-42EC-B92E-B258081ED0D2}.Release|Any CPU.ActiveCfg = Release|Any CPU
		{2F9DD54E-B09D-42EC-B92E-B258081ED0D2}.Release|Any CPU.Build.0 = Release|Any CPU
	EndGlobalSection
	GlobalSection(SolutionProperties) = preSolution
		HideSolutionNode = FALSE
	EndGlobalSection
	GlobalSection(ExtensibilityGlobals) = postSolution
		SolutionGuid = {1312F1FB-956B-4471-ADB2-D28A4F4D6680}
	EndGlobalSection
EndGlobal
